// !$*UTF8*$!
{
	archiveVersion = 1;
	classes = {
	};
	objectVersion = 46;
	objects = {

/* Begin PBXBuildFile section */
		720B8CD71F396E41002F8B80 /* 2.jpg in Resources */ = {isa = PBXBuildFile; fileRef = 720B8CD61F396E41002F8B80 /* 2.jpg */; };
		720B8CD91F396E54002F8B80 /* 1.jpg in Resources */ = {isa = PBXBuildFile; fileRef = 720B8CD81F396E54002F8B80 /* 1.jpg */; };
		726312CB1F39549D00257694 /* main.m in Sources */ = {isa = PBXBuildFile; fileRef = 726312CA1F39549D00257694 /* main.m */; };
		726312CE1F39549D00257694 /* AppDelegate.m in Sources */ = {isa = PBXBuildFile; fileRef = 726312CD1F39549D00257694 /* AppDelegate.m */; };
		726312D11F39549D00257694 /* ViewController.m in Sources */ = {isa = PBXBuildFile; fileRef = 726312D01F39549D00257694 /* ViewController.m */; };
		726312D41F39549D00257694 /* Main.storyboard in Resources */ = {isa = PBXBuildFile; fileRef = 726312D21F39549D00257694 /* Main.storyboard */; };
		726312D61F39549D00257694 /* Assets.xcassets in Resources */ = {isa = PBXBuildFile; fileRef = 726312D51F39549D00257694 /* Assets.xcassets */; };
		726312D91F39549D00257694 /* LaunchScreen.storyboard in Resources */ = {isa = PBXBuildFile; fileRef = 726312D71F39549D00257694 /* LaunchScreen.storyboard */; };
		726312E41F39549D00257694 /* slideViewTests.m in Sources */ = {isa = PBXBuildFile; fileRef = 726312E31F39549D00257694 /* slideViewTests.m */; };
		726312EF1F39549D00257694 /* slideViewUITests.m in Sources */ = {isa = PBXBuildFile; fileRef = 726312EE1F39549D00257694 /* slideViewUITests.m */; };
/* End PBXBuildFile section */

/* Begin PBXContainerItemProxy section */
		726312E01F39549D00257694 /* PBXContainerItemProxy */ = {
			isa = PBXContainerItemProxy;
			containerPortal = 726312BE1F39549D00257694 /* Project object */;
			proxyType = 1;
			remoteGlobalIDString = 726312C51F39549D00257694;
			remoteInfo = slideView;
		};
		726312EB1F39549D00257694 /* PBXContainerItemProxy */ = {
			isa = PBXContainerItemProxy;
			containerPortal = 726312BE1F39549D00257694 /* Project object */;
			proxyType = 1;
			remoteGlobalIDString = 726312C51F39549D00257694;
			remoteInfo = slideView;
		};
/* End PBXContainerItemProxy section */

/* Begin PBXFileReference section */
		720B8CD61F396E41002F8B80 /* 2.jpg */ = {isa = PBXFileReference; lastKnownFileType = image.jpeg; path = 2.jpg; sourceTree = "<group>"; };
		720B8CD81F396E54002F8B80 /* 1.jpg */ = {isa = PBXFileReference; lastKnownFileType = image.jpeg; path = 1.jpg; sourceTree = "<group>"; };
		726312C61F39549D00257694 /* slideView.app */ = {isa = PBXFileReference; explicitFileType = wrapper.application; includeInIndex = 0; path = slideView.app; sourceTree = BUILT_PRODUCTS_DIR; };
		726312CA1F39549D00257694 /* main.m */ = {isa = PBXFileReference; lastKnownFileType = sourcecode.c.objc; path = main.m; sourceTree = "<group>"; };
		726312CC1F39549D00257694 /* AppDelegate.h */ = {isa = PBXFileReference; lastKnownFileType = sourcecode.c.h; path = AppDelegate.h; sourceTree = "<group>"; };
		726312CD1F39549D00257694 /* AppDelegate.m */ = {isa = PBXFileReference; lastKnownFileType = sourcecode.c.objc; path = AppDelegate.m; sourceTree = "<group>"; };
		726312CF1F39549D00257694 /* ViewController.h */ = {isa = PBXFileReference; lastKnownFileType = sourcecode.c.h; path = ViewController.h; sourceTree = "<group>"; };
		726312D01F39549D00257694 /* ViewController.m */ = {isa = PBXFileReference; lastKnownFileType = sourcecode.c.objc; path = ViewController.m; sourceTree = "<group>"; };
		726312D31F39549D00257694 /* Base */ = {isa = PBXFileReference; lastKnownFileType = file.storyboard; name = Base; path = Base.lproj/Main.storyboard; sourceTree = "<group>"; };
		726312D51F39549D00257694 /* Assets.xcassets */ = {isa = PBXFileReference; lastKnownFileType = folder.assetcatalog; path = Assets.xcassets; sourceTree = "<group>"; };
		726312D81F39549D00257694 /* Base */ = {isa = PBXFileReference; lastKnownFileType = file.storyboard; name = Base; path = Base.lproj/LaunchScreen.storyboard; sourceTree = "<group>"; };
		726312DA1F39549D00257694 /* Info.plist */ = {isa = PBXFileReference; lastKnownFileType = text.plist.xml; path = Info.plist; sourceTree = "<group>"; };
		726312DF1F39549D00257694 /* slideViewTests.xctest */ = {isa = PBXFileReference; explicitFileType = wrapper.cfbundle; includeInIndex = 0; path = slideViewTests.xctest; sourceTree = BUILT_PRODUCTS_DIR; };
		726312E31F39549D00257694 /* slideViewTests.m */ = {isa = PBXFileReference; lastKnownFileType = sourcecode.c.objc; path = slideViewTests.m; sourceTree = "<group>"; };
		726312E51F39549D00257694 /* Info.plist */ = {isa = PBXFileReference; lastKnownFileType = text.plist.xml; path = Info.plist; sourceTree = "<group>"; };
		726312EA1F39549D00257694 /* slideViewUITests.xctest */ = {isa = PBXFileReference; explicitFileType = wrapper.cfbundle; includeInIndex = 0; path = slideViewUITests.xctest; sourceTree = BUILT_PRODUCTS_DIR; };
		726312EE1F39549D00257694 /* slideViewUITests.m */ = {isa = PBXFileReference; lastKnownFileType = sourcecode.c.objc; path = slideViewUITests.m; sourceTree = "<group>"; };
		726312F01F39549D00257694 /* Info.plist */ = {isa = PBXFileReference; lastKnownFileType = text.plist.xml; path = Info.plist; sourceTree = "<group>"; };
/* End PBXFileReference section */

/* Begin PBXFrameworksBuildPhase section */
		726312C31F39549D00257694 /* Frameworks */ = {
			isa = PBXFrameworksBuildPhase;
			buildActionMask = 2147483647;
			files = (
			);
			runOnlyForDeploymentPostprocessing = 0;
		};
		726312DC1F39549D00257694 /* Frameworks */ = {
			isa = PBXFrameworksBuildPhase;
			buildActionMask = 2147483647;
			files = (
			);
			runOnlyForDeploymentPostprocessing = 0;
		};
		726312E71F39549D00257694 /* Frameworks */ = {
			isa = PBXFrameworksBuildPhase;
			buildActionMask = 2147483647;
			files = (
			);
			runOnlyForDeploymentPostprocessing = 0;
		};
/* End PBXFrameworksBuildPhase section */

/* Begin PBXGroup section */
		726312BD1F39549D00257694 = {
			isa = PBXGroup;
			children = (
				726312C81F39549D00257694 /* slideView */,
				726312E21F39549D00257694 /* slideViewTests */,
				726312ED1F39549D00257694 /* slideViewUITests */,
				726312C71F39549D00257694 /* Products */,
			);
			sourceTree = "<group>";
		};
		726312C71F39549D00257694 /* Products */ = {
			isa = PBXGroup;
			children = (
				726312C61F39549D00257694 /* slideView.app */,
				726312DF1F39549D00257694 /* slideViewTests.xctest */,
				726312EA1F39549D00257694 /* slideViewUITests.xctest */,
			);
			name = Products;
			sourceTree = "<group>";
		};
		726312C81F39549D00257694 /* slideView */ = {
			isa = PBXGroup;
			children = (
				726312CC1F39549D00257694 /* AppDelegate.h */,
				726312CD1F39549D00257694 /* AppDelegate.m */,
				726312CF1F39549D00257694 /* ViewController.h */,
				726312D01F39549D00257694 /* ViewController.m */,
				720B8CD81F396E54002F8B80 /* 1.jpg */,
				726312D21F39549D00257694 /* Main.storyboard */,
				720B8CD61F396E41002F8B80 /* 2.jpg */,
				726312D51F39549D00257694 /* Assets.xcassets */,
				726312D71F39549D00257694 /* LaunchScreen.storyboard */,
				726312DA1F39549D00257694 /* Info.plist */,
				726312C91F39549D00257694 /* Supporting Files */,
			);
			path = slideView;
			sourceTree = "<group>";
		};
		726312C91F39549D00257694 /* Supporting Files */ = {
			isa = PBXGroup;
			children = (
				726312CA1F39549D00257694 /* main.m */,
			);
			name = "Supporting Files";
			sourceTree = "<group>";
		};
		726312E21F39549D00257694 /* slideViewTests */ = {
			isa = PBXGroup;
			children = (
				726312E31F39549D00257694 /* slideViewTests.m */,
				726312E51F39549D00257694 /* Info.plist */,
			);
			path = slideViewTests;
			sourceTree = "<group>";
		};
		726312ED1F39549D00257694 /* slideViewUITests */ = {
			isa = PBXGroup;
			children = (
				726312EE1F39549D00257694 /* slideViewUITests.m */,
				726312F01F39549D00257694 /* Info.plist */,
			);
			path = slideViewUITests;
			sourceTree = "<group>";
		};
/* End PBXGroup section */

/* Begin PBXNativeTarget section */
		726312C51F39549D00257694 /* slideView */ = {
			isa = PBXNativeTarget;
			buildConfigurationList = 726312F31F39549D00257694 /* Build configuration list for PBXNativeTarget "slideView" */;
			buildPhases = (
				726312C21F39549D00257694 /* Sources */,
				726312C31F39549D00257694 /* Frameworks */,
				726312C41F39549D00257694 /* Resources */,
			);
			buildRules = (
			);
			dependencies = (
			);
			name = slideView;
			productName = slideView;
			productReference = 726312C61F39549D00257694 /* slideView.app */;
			productType = "com.apple.product-type.application";
		};
		726312DE1F39549D00257694 /* slideViewTests */ = {
			isa = PBXNativeTarget;
			buildConfigurationList = 726312F61F39549D00257694 /* Build configuration list for PBXNativeTarget "slideViewTests" */;
			buildPhases = (
				726312DB1F39549D00257694 /* Sources */,
				726312DC1F39549D00257694 /* Frameworks */,
				726312DD1F39549D00257694 /* Resources */,
			);
			buildRules = (
			);
			dependencies = (
				726312E11F39549D00257694 /* PBXTargetDependency */,
			);
			name = slideViewTests;
			productName = slideViewTests;
			productReference = 726312DF1F39549D00257694 /* slideViewTests.xctest */;
			productType = "com.apple.product-type.bundle.unit-test";
		};
		726312E91F39549D00257694 /* slideViewUITests */ = {
			isa = PBXNativeTarget;
			buildConfigurationList = 726312F91F39549D00257694 /* Build configuration list for PBXNativeTarget "slideViewUITests" */;
			buildPhases = (
				726312E61F39549D00257694 /* Sources */,
				726312E71F39549D00257694 /* Frameworks */,
				726312E81F39549D00257694 /* Resources */,
			);
			buildRules = (
			);
			dependencies = (
				726312EC1F39549D00257694 /* PBXTargetDependency */,
			);
			name = slideViewUITests;
			productName = slideViewUITests;
			productReference = 726312EA1F39549D00257694 /* slideViewUITests.xctest */;
			productType = "com.apple.product-type.bundle.ui-testing";
		};
/* End PBXNativeTarget section */

/* Begin PBXProject section */
		726312BE1F39549D00257694 /* Project object */ = {
			isa = PBXProject;
			attributes = {
				LastUpgradeCheck = 0830;
				ORGANIZATIONNAME = "印书勋";
				TargetAttributes = {
					726312C51F39549D00257694 = {
						CreatedOnToolsVersion = 8.3.3;
						DevelopmentTeam = 4BG29N68B3;
						ProvisioningStyle = Automatic;
					};
					726312DE1F39549D00257694 = {
						CreatedOnToolsVersion = 8.3.3;
						DevelopmentTeam = 4BG29N68B3;
						ProvisioningStyle = Automatic;
						TestTargetID = 726312C51F39549D00257694;
					};
					726312E91F39549D00257694 = {
						CreatedOnToolsVersion = 8.3.3;
						DevelopmentTeam = 4BG29N68B3;
						ProvisioningStyle = Automatic;
						TestTargetID = 726312C51F39549D00257694;
					};
				};
			};
			buildConfigurationList = 726312C11F39549D00257694 /* Build configuration list for PBXProject "slideView" */;
			compatibilityVersion = "Xcode 3.2";
			developmentRegion = English;
			hasScannedForEncodings = 0;
			knownRegions = (
				en,
				Base,
			);
			mainGroup = 726312BD1F39549D00257694;
			productRefGroup = 726312C71F39549D00257694 /* Products */;
			projectDirPath = "";
			projectRoot = "";
			targets = (
				726312C51F39549D00257694 /* slideView */,
				726312DE1F39549D00257694 /* slideViewTests */,
				726312E91F39549D00257694 /* slideViewUITests */,
			);
		};
/* End PBXProject section */

/* Begin PBXResourcesBuildPhase section */
		726312C41F39549D00257694 /* Resources */ = {
			isa = PBXResourcesBuildPhase;
			buildActionMask = 2147483647;
			files = (
				726312D91F39549D00257694 /* LaunchScreen.storyboard in Resources */,
				726312D61F39549D00257694 /* Assets.xcassets in Resources */,
				720B8CD71F396E41002F8B80 /* 2.jpg in Resources */,
				726312D41F39549D00257694 /* Main.storyboard in Resources */,
				720B8CD91F396E54002F8B80 /* 1.jpg in Resources */,
			);
			runOnlyForDeploymentPostprocessing = 0;
		};
		726312DD1F39549D00257694 /* Resources */ = {
			isa = PBXResourcesBuildPhase;
			buildActionMask = 2147483647;
			files = (
			);
			runOnlyForDeploymentPostprocessing = 0;
		};
		726312E81F39549D00257694 /* Resources */ = {
			isa = PBXResourcesBuildPhase;
			buildActionMask = 2147483647;
			files = (
			);
			runOnlyForDeploymentPostprocessing = 0;
		};
/* End PBXResourcesBuildPhase section */

/* Begin PBXSourcesBuildPhase section */
		726312C21F39549D00257694 /* Sources */ = {
			isa = PBXSourcesBuildPhase;
			buildActionMask = 2147483647;
			files = (
				726312D11F39549D00257694 /* ViewController.m in Sources */,
				726312CE1F39549D00257694 /* AppDelegate.m in Sources */,
				726312CB1F39549D00257694 /* main.m in Sources */,
			);
			runOnlyForDeploymentPostprocessing = 0;
		};
		726312DB1F39549D00257694 /* Sources */ = {
			isa = PBXSourcesBuildPhase;
			buildActionMask = 2147483647;
			files = (
				726312E41F39549D00257694 /* slideViewTests.m in Sources */,
			);
			runOnlyForDeploymentPostprocessing = 0;
		};
		726312E61F39549D00257694 /* Sources */ = {
			isa = PBXSourcesBuildPhase;
			buildActionMask = 2147483647;
			files = (
				726312EF1F39549D00257694 /* slideViewUITests.m in Sources */,
			);
			runOnlyForDeploymentPostprocessing = 0;
		};
/* End PBXSourcesBuildPhase section */

/* Begin PBXTargetDependency section */
		726312E11F39549D00257694 /* PBXTargetDependency */ = {
			isa = PBXTargetDependency;
			target = 726312C51F39549D00257694 /* slideView */;
			targetProxy = 726312E01F39549D00257694 /* PBXContainerItemProxy */;
		};
		726312EC1F39549D00257694 /* PBXTargetDependency */ = {
			isa = PBXTargetDependency;
			target = 726312C51F39549D00257694 /* slideView */;
			targetProxy = 726312EB1F39549D00257694 /* PBXContainerItemProxy */;
		};
/* End PBXTargetDependency section */

/* Begin PBXVariantGroup section */
		726312D21F39549D00257694 /* Main.storyboard */ = {
			isa = PBXVariantGroup;
			children = (
				726312D31F39549D00257694 /* Base */,
			);
			name = Main.storyboard;
			sourceTree = "<group>";
		};
		726312D71F39549D00257694 /* LaunchScreen.storyboard */ = {
			isa = PBXVariantGroup;
			children = (
				726312D81F39549D00257694 /* Base */,
			);
			name = LaunchScreen.storyboard;
			sourceTree = "<group>";
		};
/* End PBXVariantGroup section */

/* Begin XCBuildConfiguration section */
		726312F11F39549D00257694 /* Debug */ = {
			isa = XCBuildConfiguration;
			buildSettings = {
				ALWAYS_SEARCH_USER_PATHS = NO;
				CLANG_ANALYZER_NONNULL = YES;
				CLANG_ANALYZER_NUMBER_OBJECT_CONVERSION = YES_AGGRESSIVE;
				CLANG_CXX_LANGUAGE_STANDARD = "gnu++0x";
				CLANG_CXX_LIBRARY = "libc++";
				CLANG_ENABLE_MODULES = YES;
				CLANG_ENABLE_OBJC_ARC = YES;
				CLANG_WARN_BOOL_CONVERSION = YES;
				CLANG_WARN_CONSTANT_CONVERSION = YES;
				CLANG_WARN_DIRECT_OBJC_ISA_USAGE = YES_ERROR;
				CLANG_WARN_DOCUMENTATION_COMMENTS = YES;
				CLANG_WARN_EMPTY_BODY = YES;
				CLANG_WARN_ENUM_CONVERSION = YES;
				CLANG_WARN_INFINITE_RECURSION = YES;
				CLANG_WARN_INT_CONVERSION = YES;
				CLANG_WARN_OBJC_ROOT_CLASS = YES_ERROR;
				CLANG_WARN_SUSPICIOUS_MOVE = YES;
				CLANG_WARN_UNREACHABLE_CODE = YES;
				CLANG_WARN__DUPLICATE_METHOD_MATCH = YES;
				"CODE_SIGN_IDENTITY[sdk=iphoneos*]" = "iPhone Developer";
				COPY_PHASE_STRIP = NO;
				DEBUG_INFORMATION_FORMAT = dwarf;
				ENABLE_STRICT_OBJC_MSGSEND = YES;
				ENABLE_TESTABILITY = YES;
				GCC_C_LANGUAGE_STANDARD = gnu99;
				GCC_DYNAMIC_NO_PIC = NO;
				GCC_NO_COMMON_BLOCKS = YES;
				GCC_OPTIMIZATION_LEVEL = 0;
				GCC_PREPROCESSOR_DEFINITIONS = (
					"DEBUG=1",
					"$(inherited)",
				);
				GCC_WARN_64_TO_32_BIT_CONVERSION = YES;
				GCC_WARN_ABOUT_RETURN_TYPE = YES_ERROR;
				GCC_WARN_UNDECLARED_SELECTOR = YES;
				GCC_WARN_UNINITIALIZED_AUTOS = YES_AGGRESSIVE;
				GCC_WARN_UNUSED_FUNCTION = YES;
				GCC_WARN_UNUSED_VARIABLE = YES;
				IPHONEOS_DEPLOYMENT_TARGET = 10.3;
				MTL_ENABLE_DEBUG_INFO = YES;
				ONLY_ACTIVE_ARCH = YES;
				SDKROOT = iphoneos;
			};
			name = Debug;
		};
		726312F21F39549D00257694 /* Release */ = {
			isa = XCBuildConfiguration;
			buildSettings = {
				ALWAYS_SEARCH_USER_PATHS = NO;
				CLANG_ANALYZER_NONNULL = YES;
				CLANG_ANALYZER_NUMBER_OBJECT_CONVERSION = YES_AGGRESSIVE;
				CLANG_CXX_LANGUAGE_STANDARD = "gnu++0x";
				CLANG_CXX_LIBRARY = "libc++";
				CLANG_ENABLE_MODULES = YES;
				CLANG_ENABLE_OBJC_ARC = YES;
				CLANG_WARN_BOOL_CONVERSION = YES;
				CLANG_WARN_CONSTANT_CONVERSION = YES;
				CLANG_WARN_DIRECT_OBJC_ISA_USAGE = YES_ERROR;
				CLANG_WARN_DOCUMENTATION_COMMENTS = YES;
				CLANG_WARN_EMPTY_BODY = YES;
				CLANG_WARN_ENUM_CONVERSION = YES;
				CLANG_WARN_INFINITE_RECURSION = YES;
				CLANG_WARN_INT_CONVERSION = YES;
				CLANG_WARN_OBJC_ROOT_CLASS = YES_ERROR;
				CLANG_WARN_SUSPICIOUS_MOVE = YES;
				CLANG_WARN_UNREACHABLE_CODE = YES;
				CLANG_WARN__DUPLICATE_METHOD_MATCH = YES;
				"CODE_SIGN_IDENTITY[sdk=iphoneos*]" = "iPhone Developer";
				COPY_PHASE_STRIP = NO;
				DEBUG_INFORMATION_FORMAT = "dwarf-with-dsym";
				ENABLE_NS_ASSERTIONS = NO;
				ENABLE_STRICT_OBJC_MSGSEND = YES;
				GCC_C_LANGUAGE_STANDARD = gnu99;
				GCC_NO_COMMON_BLOCKS = YES;
				GCC_WARN_64_TO_32_BIT_CONVERSION = YES;
				GCC_WARN_ABOUT_RETURN_TYPE = YES_ERROR;
				GCC_WARN_UNDECLARED_SELECTOR = YES;
				GCC_WARN_UNINITIALIZED_AUTOS = YES_AGGRESSIVE;
				GCC_WARN_UNUSED_FUNCTION = YES;
				GCC_WARN_UNUSED_VARIABLE = YES;
				IPHONEOS_DEPLOYMENT_TARGET = 10.3;
				MTL_ENABLE_DEBUG_INFO = NO;
				SDKROOT = iphoneos;
				VALIDATE_PRODUCT = YES;
			};
			name = Release;
		};
		726312F41F39549D00257694 /* Debug */ = {
			isa = XCBuildConfiguration;
			buildSettings = {
				ASSETCATALOG_COMPILER_APPICON_NAME = AppIcon;
				DEVELOPMENT_TEAM = 4BG29N68B3;
				INFOPLIST_FILE = slideView/Info.plist;
				LD_RUNPATH_SEARCH_PATHS = "$(inherited) @executable_path/Frameworks";
				PRODUCT_BUNDLE_IDENTIFIER = shuxun.slideView;
				PRODUCT_NAME = "$(TARGET_NAME)";
			};
			name = Debug;
		};
		726312F51F39549D00257694 /* Release */ = {
			isa = XCBuildConfiguration;
			buildSettings = {
				ASSETCATALOG_COMPILER_APPICON_NAME = AppIcon;
				DEVELOPMENT_TEAM = 4BG29N68B3;
				INFOPLIST_FILE = slideView/Info.plist;
				LD_RUNPATH_SEARCH_PATHS = "$(inherited) @executable_path/Frameworks";
				PRODUCT_BUNDLE_IDENTIFIER = shuxun.slideView;
				PRODUCT_NAME = "$(TARGET_NAME)";
			};
			name = Release;
		};
		726312F71F39549D00257694 /* Debug */ = {
			isa = XCBuildConfiguration;
			buildSettings = {
				BUNDLE_LOADER = "$(TEST_HOST)";
				DEVELOPMENT_TEAM = 4BG29N68B3;
				INFOPLIST_FILE = slideViewTests/Info.plist;
				LD_RUNPATH_SEARCH_PATHS = "$(inherited) @executable_path/Frameworks @loader_path/Frameworks";
				PRODUCT_BUNDLE_IDENTIFIER = shuxun.slideViewTests;
				PRODUCT_NAME = "$(TARGET_NAME)";
				TEST_HOST = "$(BUILT_PRODUCTS_DIR)/slideView.app/slideView";
			};
			name = Debug;
		};
		726312F81F39549D00257694 /* Release */ = {
			isa = XCBuildConfiguration;
			buildSettings = {
				BUNDLE_LOADER = "$(TEST_HOST)";
				DEVELOPMENT_TEAM = 4BG29N68B3;
				INFOPLIST_FILE = slideViewTests/Info.plist;
				LD_RUNPATH_SEARCH_PATHS = "$(inherited) @executable_path/Frameworks @loader_path/Frameworks";
				PRODUCT_BUNDLE_IDENTIFIER = shuxun.slideViewTests;
				PRODUCT_NAME = "$(TARGET_NAME)";
				TEST_HOST = "$(BUILT_PRODUCTS_DIR)/slideView.app/slideView";
			};
			name = Release;
		};
		726312FA1F39549D00257694 /* Debug */ = {
			isa = XCBuildConfiguration;
			buildSettings = {
				DEVELOPMENT_TEAM = 4BG29N68B3;
				INFOPLIST_FILE = slideViewUITests/Info.plist;
				LD_RUNPATH_SEARCH_PATHS = "$(inherited) @executable_path/Frameworks @loader_path/Frameworks";
				PRODUCT_BUNDLE_IDENTIFIER = shuxun.slideViewUITests;
				PRODUCT_NAME = "$(TARGET_NAME)";
				TEST_TARGET_NAME = slideView;
			};
			name = Debug;
		};
		726312FB1F39549D00257694 /* Release */ = {
			isa = XCBuildConfiguration;
			buildSettings = {
				DEVELOPMENT_TEAM = 4BG29N68B3;
				INFOPLIST_FILE = slideViewUITests/Info.plist;
				LD_RUNPATH_SEARCH_PATHS = "$(inherited) @executable_path/Frameworks @loader_path/Frameworks";
				PRODUCT_BUNDLE_IDENTIFIER = shuxun.slideViewUITests;
				PRODUCT_NAME = "$(TARGET_NAME)";
				TEST_TARGET_NAME = slideView;
			};
			name = Release;
		};
/* End XCBuildConfiguration section */

/* Begin XCConfigurationList section */
		726312C11F39549D00257694 /* Build configuration list for PBXProject "slideView" */ = {
			isa = XCConfigurationList;
			buildConfigurations = (
				726312F11F39549D00257694 /* Debug */,
				726312F21F39549D00257694 /* Release */,
			);
			defaultConfigurationIsVisible = 0;
			defaultConfigurationName = Release;
		};
		726312F31F39549D00257694 /* Build configuration list for PBXNativeTarget "slideView" */ = {
			isa = XCConfigurationList;
			buildConfigurations = (
				726312F41F39549D00257694 /* Debug */,
				726312F51F39549D00257694 /* Release */,
			);
			defaultConfigurationIsVisible = 0;
			defaultConfigurationName = Release;
		};
		726312F61F39549D00257694 /* Build configuration list for PBXNativeTarget "slideViewTests" */ = {
			isa = XCConfigurationList;
			buildConfigurations = (
				726312F71F39549D00257694 /* Debug */,
				726312F81F39549D00257694 /* Release */,
			);
			defaultConfigurationIsVisible = 0;
			defaultConfigurationName = Release;
		};
		726312F91F39549D00257694 /* Build configuration list for PBXNativeTarget "slideViewUITests" */ = {
			isa = XCConfigurationList;
			buildConfigurations = (
				726312FA1F39549D00257694 /* Debug */,
				726312FB1F39549D00257694 /* Release */,
			);
			defaultConfigurationIsVisible = 0;
			defaultConfigurationName = Release;
		};
/* End XCConfigurationList section */
	};
	rootObject = 726312BE1F39549D00257694 /* Project object */;
}
