// !$*UTF8*$!
{
	archiveVersion = 1;
	classes = {
	};
	objectVersion = 46;
	objects = {

/* Begin PBXBuildFile section */
		7263128A1F38172800257694 /* main.m in Sources */ = {isa = PBXBuildFile; fileRef = 726312891F38172800257694 /* main.m */; };
		7263128D1F38172800257694 /* AppDelegate.m in Sources */ = {isa = PBXBuildFile; fileRef = 7263128C1F38172800257694 /* AppDelegate.m */; };
		726312901F38172800257694 /* ViewController.m in Sources */ = {isa = PBXBuildFile; fileRef = 7263128F1F38172800257694 /* ViewController.m */; };
		726312931F38172900257694 /* Main.storyboard in Resources */ = {isa = PBXBuildFile; fileRef = 726312911F38172900257694 /* Main.storyboard */; };
		726312951F38172900257694 /* Assets.xcassets in Resources */ = {isa = PBXBuildFile; fileRef = 726312941F38172900257694 /* Assets.xcassets */; };
		726312981F38172900257694 /* LaunchScreen.storyboard in Resources */ = {isa = PBXBuildFile; fileRef = 726312961F38172900257694 /* LaunchScreen.storyboard */; };
		726312A31F38172900257694 /* UIImageTests.m in Sources */ = {isa = PBXBuildFile; fileRef = 726312A21F38172900257694 /* UIImageTests.m */; };
		726312AE1F38172900257694 /* UIImageUITests.m in Sources */ = {isa = PBXBuildFile; fileRef = 726312AD1F38172900257694 /* UIImageUITests.m */; };
		726312BC1F38178000257694 /* 头像.jpeg in Resources */ = {isa = PBXBuildFile; fileRef = 726312BB1F38178000257694 /* 头像.jpeg */; };
/* End PBXBuildFile section */

/* Begin PBXContainerItemProxy section */
		7263129F1F38172900257694 /* PBXContainerItemProxy */ = {
			isa = PBXContainerItemProxy;
			containerPortal = 7263127D1F38172800257694 /* Project object */;
			proxyType = 1;
			remoteGlobalIDString = 726312841F38172800257694;
			remoteInfo = UIImage;
		};
		726312AA1F38172900257694 /* PBXContainerItemProxy */ = {
			isa = PBXContainerItemProxy;
			containerPortal = 7263127D1F38172800257694 /* Project object */;
			proxyType = 1;
			remoteGlobalIDString = 726312841F38172800257694;
			remoteInfo = UIImage;
		};
/* End PBXContainerItemProxy section */

/* Begin PBXFileReference section */
		726312851F38172800257694 /* UIImage.app */ = {isa = PBXFileReference; explicitFileType = wrapper.application; includeInIndex = 0; path = UIImage.app; sourceTree = BUILT_PRODUCTS_DIR; };
		726312891F38172800257694 /* main.m */ = {isa = PBXFileReference; lastKnownFileType = sourcecode.c.objc; path = main.m; sourceTree = "<group>"; };
		7263128B1F38172800257694 /* AppDelegate.h */ = {isa = PBXFileReference; lastKnownFileType = sourcecode.c.h; path = AppDelegate.h; sourceTree = "<group>"; };
		7263128C1F38172800257694 /* AppDelegate.m */ = {isa = PBXFileReference; lastKnownFileType = sourcecode.c.objc; path = AppDelegate.m; sourceTree = "<group>"; };
		7263128E1F38172800257694 /* ViewController.h */ = {isa = PBXFileReference; lastKnownFileType = sourcecode.c.h; path = ViewController.h; sourceTree = "<group>"; };
		7263128F1F38172800257694 /* ViewController.m */ = {isa = PBXFileReference; lastKnownFileType = sourcecode.c.objc; path = ViewController.m; sourceTree = "<group>"; };
		726312921F38172900257694 /* Base */ = {isa = PBXFileReference; lastKnownFileType = file.storyboard; name = Base; path = Base.lproj/Main.storyboard; sourceTree = "<group>"; };
		726312941F38172900257694 /* Assets.xcassets */ = {isa = PBXFileReference; lastKnownFileType = folder.assetcatalog; path = Assets.xcassets; sourceTree = "<group>"; };
		726312971F38172900257694 /* Base */ = {isa = PBXFileReference; lastKnownFileType = file.storyboard; name = Base; path = Base.lproj/LaunchScreen.storyboard; sourceTree = "<group>"; };
		726312991F38172900257694 /* Info.plist */ = {isa = PBXFileReference; lastKnownFileType = text.plist.xml; path = Info.plist; sourceTree = "<group>"; };
		7263129E1F38172900257694 /* UIImageTests.xctest */ = {isa = PBXFileReference; explicitFileType = wrapper.cfbundle; includeInIndex = 0; path = UIImageTests.xctest; sourceTree = BUILT_PRODUCTS_DIR; };
		726312A21F38172900257694 /* UIImageTests.m */ = {isa = PBXFileReference; lastKnownFileType = sourcecode.c.objc; path = UIImageTests.m; sourceTree = "<group>"; };
		726312A41F38172900257694 /* Info.plist */ = {isa = PBXFileReference; lastKnownFileType = text.plist.xml; path = Info.plist; sourceTree = "<group>"; };
		726312A91F38172900257694 /* UIImageUITests.xctest */ = {isa = PBXFileReference; explicitFileType = wrapper.cfbundle; includeInIndex = 0; path = UIImageUITests.xctest; sourceTree = BUILT_PRODUCTS_DIR; };
		726312AD1F38172900257694 /* UIImageUITests.m */ = {isa = PBXFileReference; lastKnownFileType = sourcecode.c.objc; path = UIImageUITests.m; sourceTree = "<group>"; };
		726312AF1F38172900257694 /* Info.plist */ = {isa = PBXFileReference; lastKnownFileType = text.plist.xml; path = Info.plist; sourceTree = "<group>"; };
		726312BB1F38178000257694 /* 头像.jpeg */ = {isa = PBXFileReference; lastKnownFileType = image.jpeg; path = "头像.jpeg"; sourceTree = "<group>"; };
/* End PBXFileReference section */

/* Begin PBXFrameworksBuildPhase section */
		726312821F38172800257694 /* Frameworks */ = {
			isa = PBXFrameworksBuildPhase;
			buildActionMask = 2147483647;
			files = (
			);
			runOnlyForDeploymentPostprocessing = 0;
		};
		7263129B1F38172900257694 /* Frameworks */ = {
			isa = PBXFrameworksBuildPhase;
			buildActionMask = 2147483647;
			files = (
			);
			runOnlyForDeploymentPostprocessing = 0;
		};
		726312A61F38172900257694 /* Frameworks */ = {
			isa = PBXFrameworksBuildPhase;
			buildActionMask = 2147483647;
			files = (
			);
			runOnlyForDeploymentPostprocessing = 0;
		};
/* End PBXFrameworksBuildPhase section */

/* Begin PBXGroup section */
		7263127C1F38172800257694 = {
			isa = PBXGroup;
			children = (
				726312871F38172800257694 /* UIImage */,
				726312A11F38172900257694 /* UIImageTests */,
				726312AC1F38172900257694 /* UIImageUITests */,
				726312861F38172800257694 /* Products */,
			);
			sourceTree = "<group>";
		};
		726312861F38172800257694 /* Products */ = {
			isa = PBXGroup;
			children = (
				726312851F38172800257694 /* UIImage.app */,
				7263129E1F38172900257694 /* UIImageTests.xctest */,
				726312A91F38172900257694 /* UIImageUITests.xctest */,
			);
			name = Products;
			sourceTree = "<group>";
		};
		726312871F38172800257694 /* UIImage */ = {
			isa = PBXGroup;
			children = (
				726312BB1F38178000257694 /* 头像.jpeg */,
				7263128B1F38172800257694 /* AppDelegate.h */,
				7263128C1F38172800257694 /* AppDelegate.m */,
				7263128E1F38172800257694 /* ViewController.h */,
				7263128F1F38172800257694 /* ViewController.m */,
				726312911F38172900257694 /* Main.storyboard */,
				726312941F38172900257694 /* Assets.xcassets */,
				726312961F38172900257694 /* LaunchScreen.storyboard */,
				726312991F38172900257694 /* Info.plist */,
				726312881F38172800257694 /* Supporting Files */,
			);
			path = UIImage;
			sourceTree = "<group>";
		};
		726312881F38172800257694 /* Supporting Files */ = {
			isa = PBXGroup;
			children = (
				726312891F38172800257694 /* main.m */,
			);
			name = "Supporting Files";
			sourceTree = "<group>";
		};
		726312A11F38172900257694 /* UIImageTests */ = {
			isa = PBXGroup;
			children = (
				726312A21F38172900257694 /* UIImageTests.m */,
				726312A41F38172900257694 /* Info.plist */,
			);
			path = UIImageTests;
			sourceTree = "<group>";
		};
		726312AC1F38172900257694 /* UIImageUITests */ = {
			isa = PBXGroup;
			children = (
				726312AD1F38172900257694 /* UIImageUITests.m */,
				726312AF1F38172900257694 /* Info.plist */,
			);
			path = UIImageUITests;
			sourceTree = "<group>";
		};
/* End PBXGroup section */

/* Begin PBXNativeTarget section */
		726312841F38172800257694 /* UIImage */ = {
			isa = PBXNativeTarget;
			buildConfigurationList = 726312B21F38172900257694 /* Build configuration list for PBXNativeTarget "UIImage" */;
			buildPhases = (
				726312811F38172800257694 /* Sources */,
				726312821F38172800257694 /* Frameworks */,
				726312831F38172800257694 /* Resources */,
			);
			buildRules = (
			);
			dependencies = (
			);
			name = UIImage;
			productName = UIImage;
			productReference = 726312851F38172800257694 /* UIImage.app */;
			productType = "com.apple.product-type.application";
		};
		7263129D1F38172900257694 /* UIImageTests */ = {
			isa = PBXNativeTarget;
			buildConfigurationList = 726312B51F38172900257694 /* Build configuration list for PBXNativeTarget "UIImageTests" */;
			buildPhases = (
				7263129A1F38172900257694 /* Sources */,
				7263129B1F38172900257694 /* Frameworks */,
				7263129C1F38172900257694 /* Resources */,
			);
			buildRules = (
			);
			dependencies = (
				726312A01F38172900257694 /* PBXTargetDependency */,
			);
			name = UIImageTests;
			productName = UIImageTests;
			productReference = 7263129E1F38172900257694 /* UIImageTests.xctest */;
			productType = "com.apple.product-type.bundle.unit-test";
		};
		726312A81F38172900257694 /* UIImageUITests */ = {
			isa = PBXNativeTarget;
			buildConfigurationList = 726312B81F38172900257694 /* Build configuration list for PBXNativeTarget "UIImageUITests" */;
			buildPhases = (
				726312A51F38172900257694 /* Sources */,
				726312A61F38172900257694 /* Frameworks */,
				726312A71F38172900257694 /* Resources */,
			);
			buildRules = (
			);
			dependencies = (
				726312AB1F38172900257694 /* PBXTargetDependency */,
			);
			name = UIImageUITests;
			productName = UIImageUITests;
			productReference = 726312A91F38172900257694 /* UIImageUITests.xctest */;
			productType = "com.apple.product-type.bundle.ui-testing";
		};
/* End PBXNativeTarget section */

/* Begin PBXProject section */
		7263127D1F38172800257694 /* Project object */ = {
			isa = PBXProject;
			attributes = {
				LastUpgradeCheck = 0830;
				ORGANIZATIONNAME = "印书勋";
				TargetAttributes = {
					726312841F38172800257694 = {
						CreatedOnToolsVersion = 8.3.3;
						DevelopmentTeam = 4BG29N68B3;
						ProvisioningStyle = Automatic;
					};
					7263129D1F38172900257694 = {
						CreatedOnToolsVersion = 8.3.3;
						DevelopmentTeam = 4BG29N68B3;
						ProvisioningStyle = Automatic;
						TestTargetID = 726312841F38172800257694;
					};
					726312A81F38172900257694 = {
						CreatedOnToolsVersion = 8.3.3;
						DevelopmentTeam = 4BG29N68B3;
						ProvisioningStyle = Automatic;
						TestTargetID = 726312841F38172800257694;
					};
				};
			};
			buildConfigurationList = 726312801F38172800257694 /* Build configuration list for PBXProject "UIImage" */;
			compatibilityVersion = "Xcode 3.2";
			developmentRegion = English;
			hasScannedForEncodings = 0;
			knownRegions = (
				en,
				Base,
			);
			mainGroup = 7263127C1F38172800257694;
			productRefGroup = 726312861F38172800257694 /* Products */;
			projectDirPath = "";
			projectRoot = "";
			targets = (
				726312841F38172800257694 /* UIImage */,
				7263129D1F38172900257694 /* UIImageTests */,
				726312A81F38172900257694 /* UIImageUITests */,
			);
		};
/* End PBXProject section */

/* Begin PBXResourcesBuildPhase section */
		726312831F38172800257694 /* Resources */ = {
			isa = PBXResourcesBuildPhase;
			buildActionMask = 2147483647;
			files = (
				726312981F38172900257694 /* LaunchScreen.storyboard in Resources */,
				726312951F38172900257694 /* Assets.xcassets in Resources */,
				726312BC1F38178000257694 /* 头像.jpeg in Resources */,
				726312931F38172900257694 /* Main.storyboard in Resources */,
			);
			runOnlyForDeploymentPostprocessing = 0;
		};
		7263129C1F38172900257694 /* Resources */ = {
			isa = PBXResourcesBuildPhase;
			buildActionMask = 2147483647;
			files = (
			);
			runOnlyForDeploymentPostprocessing = 0;
		};
		726312A71F38172900257694 /* Resources */ = {
			isa = PBXResourcesBuildPhase;
			buildActionMask = 2147483647;
			files = (
			);
			runOnlyForDeploymentPostprocessing = 0;
		};
/* End PBXResourcesBuildPhase section */

/* Begin PBXSourcesBuildPhase section */
		726312811F38172800257694 /* Sources */ = {
			isa = PBXSourcesBuildPhase;
			buildActionMask = 2147483647;
			files = (
				726312901F38172800257694 /* ViewController.m in Sources */,
				7263128D1F38172800257694 /* AppDelegate.m in Sources */,
				7263128A1F38172800257694 /* main.m in Sources */,
			);
			runOnlyForDeploymentPostprocessing = 0;
		};
		7263129A1F38172900257694 /* Sources */ = {
			isa = PBXSourcesBuildPhase;
			buildActionMask = 2147483647;
			files = (
				726312A31F38172900257694 /* UIImageTests.m in Sources */,
			);
			runOnlyForDeploymentPostprocessing = 0;
		};
		726312A51F38172900257694 /* Sources */ = {
			isa = PBXSourcesBuildPhase;
			buildActionMask = 2147483647;
			files = (
				726312AE1F38172900257694 /* UIImageUITests.m in Sources */,
			);
			runOnlyForDeploymentPostprocessing = 0;
		};
/* End PBXSourcesBuildPhase section */

/* Begin PBXTargetDependency section */
		726312A01F38172900257694 /* PBXTargetDependency */ = {
			isa = PBXTargetDependency;
			target = 726312841F38172800257694 /* UIImage */;
			targetProxy = 7263129F1F38172900257694 /* PBXContainerItemProxy */;
		};
		726312AB1F38172900257694 /* PBXTargetDependency */ = {
			isa = PBXTargetDependency;
			target = 726312841F38172800257694 /* UIImage */;
			targetProxy = 726312AA1F38172900257694 /* PBXContainerItemProxy */;
		};
/* End PBXTargetDependency section */

/* Begin PBXVariantGroup section */
		726312911F38172900257694 /* Main.storyboard */ = {
			isa = PBXVariantGroup;
			children = (
				726312921F38172900257694 /* Base */,
			);
			name = Main.storyboard;
			sourceTree = "<group>";
		};
		726312961F38172900257694 /* LaunchScreen.storyboard */ = {
			isa = PBXVariantGroup;
			children = (
				726312971F38172900257694 /* Base */,
			);
			name = LaunchScreen.storyboard;
			sourceTree = "<group>";
		};
/* End PBXVariantGroup section */

/* Begin XCBuildConfiguration section */
		726312B01F38172900257694 /* Debug */ = {
			isa = XCBuildConfiguration;
			buildSettings = {
				ALWAYS_SEARCH_USER_PATHS = NO;
				CLANG_ANALYZER_NONNULL = YES;
				CLANG_ANALYZER_NUMBER_OBJECT_CONVERSION = YES_AGGRESSIVE;
				CLANG_CXX_LANGUAGE_STANDARD = "gnu++0x";
				CLANG_CXX_LIBRARY = "libc++";
				CLANG_ENABLE_MODULES = YES;
				CLANG_ENABLE_OBJC_ARC = YES;
				CLANG_WARN_BOOL_CONVERSION = YES;
				CLANG_WARN_CONSTANT_CONVERSION = YES;
				CLANG_WARN_DIRECT_OBJC_ISA_USAGE = YES_ERROR;
				CLANG_WARN_DOCUMENTATION_COMMENTS = YES;
				CLANG_WARN_EMPTY_BODY = YES;
				CLANG_WARN_ENUM_CONVERSION = YES;
				CLANG_WARN_INFINITE_RECURSION = YES;
				CLANG_WARN_INT_CONVERSION = YES;
				CLANG_WARN_OBJC_ROOT_CLASS = YES_ERROR;
				CLANG_WARN_SUSPICIOUS_MOVE = YES;
				CLANG_WARN_UNREACHABLE_CODE = YES;
				CLANG_WARN__DUPLICATE_METHOD_MATCH = YES;
				"CODE_SIGN_IDENTITY[sdk=iphoneos*]" = "iPhone Developer";
				COPY_PHASE_STRIP = NO;
				DEBUG_INFORMATION_FORMAT = dwarf;
				ENABLE_STRICT_OBJC_MSGSEND = YES;
				ENABLE_TESTABILITY = YES;
				GCC_C_LANGUAGE_STANDARD = gnu99;
				GCC_DYNAMIC_NO_PIC = NO;
				GCC_NO_COMMON_BLOCKS = YES;
				GCC_OPTIMIZATION_LEVEL = 0;
				GCC_PREPROCESSOR_DEFINITIONS = (
					"DEBUG=1",
					"$(inherited)",
				);
				GCC_WARN_64_TO_32_BIT_CONVERSION = YES;
				GCC_WARN_ABOUT_RETURN_TYPE = YES_ERROR;
				GCC_WARN_UNDECLARED_SELECTOR = YES;
				GCC_WARN_UNINITIALIZED_AUTOS = YES_AGGRESSIVE;
				GCC_WARN_UNUSED_FUNCTION = YES;
				GCC_WARN_UNUSED_VARIABLE = YES;
				IPHONEOS_DEPLOYMENT_TARGET = 10.3;
				MTL_ENABLE_DEBUG_INFO = YES;
				ONLY_ACTIVE_ARCH = YES;
				SDKROOT = iphoneos;
			};
			name = Debug;
		};
		726312B11F38172900257694 /* Release */ = {
			isa = XCBuildConfiguration;
			buildSettings = {
				ALWAYS_SEARCH_USER_PATHS = NO;
				CLANG_ANALYZER_NONNULL = YES;
				CLANG_ANALYZER_NUMBER_OBJECT_CONVERSION = YES_AGGRESSIVE;
				CLANG_CXX_LANGUAGE_STANDARD = "gnu++0x";
				CLANG_CXX_LIBRARY = "libc++";
				CLANG_ENABLE_MODULES = YES;
				CLANG_ENABLE_OBJC_ARC = YES;
				CLANG_WARN_BOOL_CONVERSION = YES;
				CLANG_WARN_CONSTANT_CONVERSION = YES;
				CLANG_WARN_DIRECT_OBJC_ISA_USAGE = YES_ERROR;
				CLANG_WARN_DOCUMENTATION_COMMENTS = YES;
				CLANG_WARN_EMPTY_BODY = YES;
				CLANG_WARN_ENUM_CONVERSION = YES;
				CLANG_WARN_INFINITE_RECURSION = YES;
				CLANG_WARN_INT_CONVERSION = YES;
				CLANG_WARN_OBJC_ROOT_CLASS = YES_ERROR;
				CLANG_WARN_SUSPICIOUS_MOVE = YES;
				CLANG_WARN_UNREACHABLE_CODE = YES;
				CLANG_WARN__DUPLICATE_METHOD_MATCH = YES;
				"CODE_SIGN_IDENTITY[sdk=iphoneos*]" = "iPhone Developer";
				COPY_PHASE_STRIP = NO;
				DEBUG_INFORMATION_FORMAT = "dwarf-with-dsym";
				ENABLE_NS_ASSERTIONS = NO;
				ENABLE_STRICT_OBJC_MSGSEND = YES;
				GCC_C_LANGUAGE_STANDARD = gnu99;
				GCC_NO_COMMON_BLOCKS = YES;
				GCC_WARN_64_TO_32_BIT_CONVERSION = YES;
				GCC_WARN_ABOUT_RETURN_TYPE = YES_ERROR;
				GCC_WARN_UNDECLARED_SELECTOR = YES;
				GCC_WARN_UNINITIALIZED_AUTOS = YES_AGGRESSIVE;
				GCC_WARN_UNUSED_FUNCTION = YES;
				GCC_WARN_UNUSED_VARIABLE = YES;
				IPHONEOS_DEPLOYMENT_TARGET = 10.3;
				MTL_ENABLE_DEBUG_INFO = NO;
				SDKROOT = iphoneos;
				VALIDATE_PRODUCT = YES;
			};
			name = Release;
		};
		726312B31F38172900257694 /* Debug */ = {
			isa = XCBuildConfiguration;
			buildSettings = {
				ASSETCATALOG_COMPILER_APPICON_NAME = AppIcon;
				DEVELOPMENT_TEAM = 4BG29N68B3;
				INFOPLIST_FILE = UIImage/Info.plist;
				LD_RUNPATH_SEARCH_PATHS = "$(inherited) @executable_path/Frameworks";
				PRODUCT_BUNDLE_IDENTIFIER = shuxun.UIImage;
				PRODUCT_NAME = "$(TARGET_NAME)";
			};
			name = Debug;
		};
		726312B41F38172900257694 /* Release */ = {
			isa = XCBuildConfiguration;
			buildSettings = {
				ASSETCATALOG_COMPILER_APPICON_NAME = AppIcon;
				DEVELOPMENT_TEAM = 4BG29N68B3;
				INFOPLIST_FILE = UIImage/Info.plist;
				LD_RUNPATH_SEARCH_PATHS = "$(inherited) @executable_path/Frameworks";
				PRODUCT_BUNDLE_IDENTIFIER = shuxun.UIImage;
				PRODUCT_NAME = "$(TARGET_NAME)";
			};
			name = Release;
		};
		726312B61F38172900257694 /* Debug */ = {
			isa = XCBuildConfiguration;
			buildSettings = {
				BUNDLE_LOADER = "$(TEST_HOST)";
				DEVELOPMENT_TEAM = 4BG29N68B3;
				INFOPLIST_FILE = UIImageTests/Info.plist;
				LD_RUNPATH_SEARCH_PATHS = "$(inherited) @executable_path/Frameworks @loader_path/Frameworks";
				PRODUCT_BUNDLE_IDENTIFIER = shuxun.UIImageTests;
				PRODUCT_NAME = "$(TARGET_NAME)";
				TEST_HOST = "$(BUILT_PRODUCTS_DIR)/UIImage.app/UIImage";
			};
			name = Debug;
		};
		726312B71F38172900257694 /* Release */ = {
			isa = XCBuildConfiguration;
			buildSettings = {
				BUNDLE_LOADER = "$(TEST_HOST)";
				DEVELOPMENT_TEAM = 4BG29N68B3;
				INFOPLIST_FILE = UIImageTests/Info.plist;
				LD_RUNPATH_SEARCH_PATHS = "$(inherited) @executable_path/Frameworks @loader_path/Frameworks";
				PRODUCT_BUNDLE_IDENTIFIER = shuxun.UIImageTests;
				PRODUCT_NAME = "$(TARGET_NAME)";
				TEST_HOST = "$(BUILT_PRODUCTS_DIR)/UIImage.app/UIImage";
			};
			name = Release;
		};
		726312B91F38172900257694 /* Debug */ = {
			isa = XCBuildConfiguration;
			buildSettings = {
				DEVELOPMENT_TEAM = 4BG29N68B3;
				INFOPLIST_FILE = UIImageUITests/Info.plist;
				LD_RUNPATH_SEARCH_PATHS = "$(inherited) @executable_path/Frameworks @loader_path/Frameworks";
				PRODUCT_BUNDLE_IDENTIFIER = shuxun.UIImageUITests;
				PRODUCT_NAME = "$(TARGET_NAME)";
				TEST_TARGET_NAME = UIImage;
			};
			name = Debug;
		};
		726312BA1F38172900257694 /* Release */ = {
			isa = XCBuildConfiguration;
			buildSettings = {
				DEVELOPMENT_TEAM = 4BG29N68B3;
				INFOPLIST_FILE = UIImageUITests/Info.plist;
				LD_RUNPATH_SEARCH_PATHS = "$(inherited) @executable_path/Frameworks @loader_path/Frameworks";
				PRODUCT_BUNDLE_IDENTIFIER = shuxun.UIImageUITests;
				PRODUCT_NAME = "$(TARGET_NAME)";
				TEST_TARGET_NAME = UIImage;
			};
			name = Release;
		};
/* End XCBuildConfiguration section */

/* Begin XCConfigurationList section */
		726312801F38172800257694 /* Build configuration list for PBXProject "UIImage" */ = {
			isa = XCConfigurationList;
			buildConfigurations = (
				726312B01F38172900257694 /* Debug */,
				726312B11F38172900257694 /* Release */,
			);
			defaultConfigurationIsVisible = 0;
			defaultConfigurationName = Release;
		};
		726312B21F38172900257694 /* Build configuration list for PBXNativeTarget "UIImage" */ = {
			isa = XCConfigurationList;
			buildConfigurations = (
				726312B31F38172900257694 /* Debug */,
				726312B41F38172900257694 /* Release */,
			);
			defaultConfigurationIsVisible = 0;
		};
		726312B51F38172900257694 /* Build configuration list for PBXNativeTarget "UIImageTests" */ = {
			isa = XCConfigurationList;
			buildConfigurations = (
				726312B61F38172900257694 /* Debug */,
				726312B71F38172900257694 /* Release */,
			);
			defaultConfigurationIsVisible = 0;
		};
		726312B81F38172900257694 /* Build configuration list for PBXNativeTarget "UIImageUITests" */ = {
			isa = XCConfigurationList;
			buildConfigurations = (
				726312B91F38172900257694 /* Debug */,
				726312BA1F38172900257694 /* Release */,
			);
			defaultConfigurationIsVisible = 0;
		};
/* End XCConfigurationList section */
	};
	rootObject = 7263127D1F38172800257694 /* Project object */;
}
