// !$*UTF8*$!
{
	archiveVersion = 1;
	classes = {
	};
	objectVersion = 46;
	objects = {

/* Begin PBXBuildFile section */
		72D0ADC11F457D8B00C39C79 /* main.m in Sources */ = {isa = PBXBuildFile; fileRef = 72D0ADC01F457D8B00C39C79 /* main.m */; };
		72D0ADC41F457D8B00C39C79 /* AppDelegate.m in Sources */ = {isa = PBXBuildFile; fileRef = 72D0ADC31F457D8B00C39C79 /* AppDelegate.m */; };
		72D0ADC71F457D8B00C39C79 /* ViewController.m in Sources */ = {isa = PBXBuildFile; fileRef = 72D0ADC61F457D8B00C39C79 /* ViewController.m */; };
		72D0ADCA1F457D8B00C39C79 /* Main.storyboard in Resources */ = {isa = PBXBuildFile; fileRef = 72D0ADC81F457D8B00C39C79 /* Main.storyboard */; };
		72D0ADCC1F457D8C00C39C79 /* Assets.xcassets in Resources */ = {isa = PBXBuildFile; fileRef = 72D0ADCB1F457D8C00C39C79 /* Assets.xcassets */; };
		72D0ADCF1F457D8C00C39C79 /* LaunchScreen.storyboard in Resources */ = {isa = PBXBuildFile; fileRef = 72D0ADCD1F457D8C00C39C79 /* LaunchScreen.storyboard */; };
		72D0ADDA1F457D8C00C39C79 /* UITableViewTests.m in Sources */ = {isa = PBXBuildFile; fileRef = 72D0ADD91F457D8C00C39C79 /* UITableViewTests.m */; };
		72D0ADE51F457D8C00C39C79 /* UITableViewUITests.m in Sources */ = {isa = PBXBuildFile; fileRef = 72D0ADE41F457D8C00C39C79 /* UITableViewUITests.m */; };
		72D0ADF31F4588BA00C39C79 /* a.jpg in Resources */ = {isa = PBXBuildFile; fileRef = 72D0ADF21F4588BA00C39C79 /* a.jpg */; };
/* End PBXBuildFile section */

/* Begin PBXContainerItemProxy section */
		72D0ADD61F457D8C00C39C79 /* PBXContainerItemProxy */ = {
			isa = PBXContainerItemProxy;
			containerPortal = 72D0ADB41F457D8B00C39C79 /* Project object */;
			proxyType = 1;
			remoteGlobalIDString = 72D0ADBB1F457D8B00C39C79;
			remoteInfo = UITableView;
		};
		72D0ADE11F457D8C00C39C79 /* PBXContainerItemProxy */ = {
			isa = PBXContainerItemProxy;
			containerPortal = 72D0ADB41F457D8B00C39C79 /* Project object */;
			proxyType = 1;
			remoteGlobalIDString = 72D0ADBB1F457D8B00C39C79;
			remoteInfo = UITableView;
		};
/* End PBXContainerItemProxy section */

/* Begin PBXFileReference section */
		72D0ADBC1F457D8B00C39C79 /* UITableView.app */ = {isa = PBXFileReference; explicitFileType = wrapper.application; includeInIndex = 0; path = UITableView.app; sourceTree = BUILT_PRODUCTS_DIR; };
		72D0ADC01F457D8B00C39C79 /* main.m */ = {isa = PBXFileReference; lastKnownFileType = sourcecode.c.objc; path = main.m; sourceTree = "<group>"; };
		72D0ADC21F457D8B00C39C79 /* AppDelegate.h */ = {isa = PBXFileReference; lastKnownFileType = sourcecode.c.h; path = AppDelegate.h; sourceTree = "<group>"; };
		72D0ADC31F457D8B00C39C79 /* AppDelegate.m */ = {isa = PBXFileReference; lastKnownFileType = sourcecode.c.objc; path = AppDelegate.m; sourceTree = "<group>"; };
		72D0ADC51F457D8B00C39C79 /* ViewController.h */ = {isa = PBXFileReference; lastKnownFileType = sourcecode.c.h; path = ViewController.h; sourceTree = "<group>"; };
		72D0ADC61F457D8B00C39C79 /* ViewController.m */ = {isa = PBXFileReference; lastKnownFileType = sourcecode.c.objc; path = ViewController.m; sourceTree = "<group>"; };
		72D0ADC91F457D8B00C39C79 /* Base */ = {isa = PBXFileReference; lastKnownFileType = file.storyboard; name = Base; path = Base.lproj/Main.storyboard; sourceTree = "<group>"; };
		72D0ADCB1F457D8C00C39C79 /* Assets.xcassets */ = {isa = PBXFileReference; lastKnownFileType = folder.assetcatalog; path = Assets.xcassets; sourceTree = "<group>"; };
		72D0ADCE1F457D8C00C39C79 /* Base */ = {isa = PBXFileReference; lastKnownFileType = file.storyboard; name = Base; path = Base.lproj/LaunchScreen.storyboard; sourceTree = "<group>"; };
		72D0ADD01F457D8C00C39C79 /* Info.plist */ = {isa = PBXFileReference; lastKnownFileType = text.plist.xml; path = Info.plist; sourceTree = "<group>"; };
		72D0ADD51F457D8C00C39C79 /* UITableViewTests.xctest */ = {isa = PBXFileReference; explicitFileType = wrapper.cfbundle; includeInIndex = 0; path = UITableViewTests.xctest; sourceTree = BUILT_PRODUCTS_DIR; };
		72D0ADD91F457D8C00C39C79 /* UITableViewTests.m */ = {isa = PBXFileReference; lastKnownFileType = sourcecode.c.objc; path = UITableViewTests.m; sourceTree = "<group>"; };
		72D0ADDB1F457D8C00C39C79 /* Info.plist */ = {isa = PBXFileReference; lastKnownFileType = text.plist.xml; path = Info.plist; sourceTree = "<group>"; };
		72D0ADE01F457D8C00C39C79 /* UITableViewUITests.xctest */ = {isa = PBXFileReference; explicitFileType = wrapper.cfbundle; includeInIndex = 0; path = UITableViewUITests.xctest; sourceTree = BUILT_PRODUCTS_DIR; };
		72D0ADE41F457D8C00C39C79 /* UITableViewUITests.m */ = {isa = PBXFileReference; lastKnownFileType = sourcecode.c.objc; path = UITableViewUITests.m; sourceTree = "<group>"; };
		72D0ADE61F457D8C00C39C79 /* Info.plist */ = {isa = PBXFileReference; lastKnownFileType = text.plist.xml; path = Info.plist; sourceTree = "<group>"; };
		72D0ADF21F4588BA00C39C79 /* a.jpg */ = {isa = PBXFileReference; lastKnownFileType = image.jpeg; path = a.jpg; sourceTree = "<group>"; };
/* End PBXFileReference section */

/* Begin PBXFrameworksBuildPhase section */
		72D0ADB91F457D8B00C39C79 /* Frameworks */ = {
			isa = PBXFrameworksBuildPhase;
			buildActionMask = 2147483647;
			files = (
			);
			runOnlyForDeploymentPostprocessing = 0;
		};
		72D0ADD21F457D8C00C39C79 /* Frameworks */ = {
			isa = PBXFrameworksBuildPhase;
			buildActionMask = 2147483647;
			files = (
			);
			runOnlyForDeploymentPostprocessing = 0;
		};
		72D0ADDD1F457D8C00C39C79 /* Frameworks */ = {
			isa = PBXFrameworksBuildPhase;
			buildActionMask = 2147483647;
			files = (
			);
			runOnlyForDeploymentPostprocessing = 0;
		};
/* End PBXFrameworksBuildPhase section */

/* Begin PBXGroup section */
		72D0ADB31F457D8B00C39C79 = {
			isa = PBXGroup;
			children = (
				72D0ADBE1F457D8B00C39C79 /* UITableView */,
				72D0ADD81F457D8C00C39C79 /* UITableViewTests */,
				72D0ADE31F457D8C00C39C79 /* UITableViewUITests */,
				72D0ADBD1F457D8B00C39C79 /* Products */,
			);
			sourceTree = "<group>";
		};
		72D0ADBD1F457D8B00C39C79 /* Products */ = {
			isa = PBXGroup;
			children = (
				72D0ADBC1F457D8B00C39C79 /* UITableView.app */,
				72D0ADD51F457D8C00C39C79 /* UITableViewTests.xctest */,
				72D0ADE01F457D8C00C39C79 /* UITableViewUITests.xctest */,
			);
			name = Products;
			sourceTree = "<group>";
		};
		72D0ADBE1F457D8B00C39C79 /* UITableView */ = {
			isa = PBXGroup;
			children = (
				72D0ADC21F457D8B00C39C79 /* AppDelegate.h */,
				72D0ADC31F457D8B00C39C79 /* AppDelegate.m */,
				72D0ADF21F4588BA00C39C79 /* a.jpg */,
				72D0ADC51F457D8B00C39C79 /* ViewController.h */,
				72D0ADC61F457D8B00C39C79 /* ViewController.m */,
				72D0ADC81F457D8B00C39C79 /* Main.storyboard */,
				72D0ADCB1F457D8C00C39C79 /* Assets.xcassets */,
				72D0ADCD1F457D8C00C39C79 /* LaunchScreen.storyboard */,
				72D0ADD01F457D8C00C39C79 /* Info.plist */,
				72D0ADBF1F457D8B00C39C79 /* Supporting Files */,
			);
			path = UITableView;
			sourceTree = "<group>";
		};
		72D0ADBF1F457D8B00C39C79 /* Supporting Files */ = {
			isa = PBXGroup;
			children = (
				72D0ADC01F457D8B00C39C79 /* main.m */,
			);
			name = "Supporting Files";
			sourceTree = "<group>";
		};
		72D0ADD81F457D8C00C39C79 /* UITableViewTests */ = {
			isa = PBXGroup;
			children = (
				72D0ADD91F457D8C00C39C79 /* UITableViewTests.m */,
				72D0ADDB1F457D8C00C39C79 /* Info.plist */,
			);
			path = UITableViewTests;
			sourceTree = "<group>";
		};
		72D0ADE31F457D8C00C39C79 /* UITableViewUITests */ = {
			isa = PBXGroup;
			children = (
				72D0ADE41F457D8C00C39C79 /* UITableViewUITests.m */,
				72D0ADE61F457D8C00C39C79 /* Info.plist */,
			);
			path = UITableViewUITests;
			sourceTree = "<group>";
		};
/* End PBXGroup section */

/* Begin PBXNativeTarget section */
		72D0ADBB1F457D8B00C39C79 /* UITableView */ = {
			isa = PBXNativeTarget;
			buildConfigurationList = 72D0ADE91F457D8C00C39C79 /* Build configuration list for PBXNativeTarget "UITableView" */;
			buildPhases = (
				72D0ADB81F457D8B00C39C79 /* Sources */,
				72D0ADB91F457D8B00C39C79 /* Frameworks */,
				72D0ADBA1F457D8B00C39C79 /* Resources */,
			);
			buildRules = (
			);
			dependencies = (
			);
			name = UITableView;
			productName = UITableView;
			productReference = 72D0ADBC1F457D8B00C39C79 /* UITableView.app */;
			productType = "com.apple.product-type.application";
		};
		72D0ADD41F457D8C00C39C79 /* UITableViewTests */ = {
			isa = PBXNativeTarget;
			buildConfigurationList = 72D0ADEC1F457D8C00C39C79 /* Build configuration list for PBXNativeTarget "UITableViewTests" */;
			buildPhases = (
				72D0ADD11F457D8C00C39C79 /* Sources */,
				72D0ADD21F457D8C00C39C79 /* Frameworks */,
				72D0ADD31F457D8C00C39C79 /* Resources */,
			);
			buildRules = (
			);
			dependencies = (
				72D0ADD71F457D8C00C39C79 /* PBXTargetDependency */,
			);
			name = UITableViewTests;
			productName = UITableViewTests;
			productReference = 72D0ADD51F457D8C00C39C79 /* UITableViewTests.xctest */;
			productType = "com.apple.product-type.bundle.unit-test";
		};
		72D0ADDF1F457D8C00C39C79 /* UITableViewUITests */ = {
			isa = PBXNativeTarget;
			buildConfigurationList = 72D0ADEF1F457D8C00C39C79 /* Build configuration list for PBXNativeTarget "UITableViewUITests" */;
			buildPhases = (
				72D0ADDC1F457D8C00C39C79 /* Sources */,
				72D0ADDD1F457D8C00C39C79 /* Frameworks */,
				72D0ADDE1F457D8C00C39C79 /* Resources */,
			);
			buildRules = (
			);
			dependencies = (
				72D0ADE21F457D8C00C39C79 /* PBXTargetDependency */,
			);
			name = UITableViewUITests;
			productName = UITableViewUITests;
			productReference = 72D0ADE01F457D8C00C39C79 /* UITableViewUITests.xctest */;
			productType = "com.apple.product-type.bundle.ui-testing";
		};
/* End PBXNativeTarget section */

/* Begin PBXProject section */
		72D0ADB41F457D8B00C39C79 /* Project object */ = {
			isa = PBXProject;
			attributes = {
				LastUpgradeCheck = 0830;
				ORGANIZATIONNAME = "印书勋";
				TargetAttributes = {
					72D0ADBB1F457D8B00C39C79 = {
						CreatedOnToolsVersion = 8.3.3;
						DevelopmentTeam = 4BG29N68B3;
						ProvisioningStyle = Automatic;
					};
					72D0ADD41F457D8C00C39C79 = {
						CreatedOnToolsVersion = 8.3.3;
						DevelopmentTeam = 4BG29N68B3;
						ProvisioningStyle = Automatic;
						TestTargetID = 72D0ADBB1F457D8B00C39C79;
					};
					72D0ADDF1F457D8C00C39C79 = {
						CreatedOnToolsVersion = 8.3.3;
						DevelopmentTeam = 4BG29N68B3;
						ProvisioningStyle = Automatic;
						TestTargetID = 72D0ADBB1F457D8B00C39C79;
					};
				};
			};
			buildConfigurationList = 72D0ADB71F457D8B00C39C79 /* Build configuration list for PBXProject "UITableView" */;
			compatibilityVersion = "Xcode 3.2";
			developmentRegion = English;
			hasScannedForEncodings = 0;
			knownRegions = (
				en,
				Base,
			);
			mainGroup = 72D0ADB31F457D8B00C39C79;
			productRefGroup = 72D0ADBD1F457D8B00C39C79 /* Products */;
			projectDirPath = "";
			projectRoot = "";
			targets = (
				72D0ADBB1F457D8B00C39C79 /* UITableView */,
				72D0ADD41F457D8C00C39C79 /* UITableViewTests */,
				72D0ADDF1F457D8C00C39C79 /* UITableViewUITests */,
			);
		};
/* End PBXProject section */

/* Begin PBXResourcesBuildPhase section */
		72D0ADBA1F457D8B00C39C79 /* Resources */ = {
			isa = PBXResourcesBuildPhase;
			buildActionMask = 2147483647;
			files = (
				72D0ADCF1F457D8C00C39C79 /* LaunchScreen.storyboard in Resources */,
				72D0ADF31F4588BA00C39C79 /* a.jpg in Resources */,
				72D0ADCC1F457D8C00C39C79 /* Assets.xcassets in Resources */,
				72D0ADCA1F457D8B00C39C79 /* Main.storyboard in Resources */,
			);
			runOnlyForDeploymentPostprocessing = 0;
		};
		72D0ADD31F457D8C00C39C79 /* Resources */ = {
			isa = PBXResourcesBuildPhase;
			buildActionMask = 2147483647;
			files = (
			);
			runOnlyForDeploymentPostprocessing = 0;
		};
		72D0ADDE1F457D8C00C39C79 /* Resources */ = {
			isa = PBXResourcesBuildPhase;
			buildActionMask = 2147483647;
			files = (
			);
			runOnlyForDeploymentPostprocessing = 0;
		};
/* End PBXResourcesBuildPhase section */

/* Begin PBXSourcesBuildPhase section */
		72D0ADB81F457D8B00C39C79 /* Sources */ = {
			isa = PBXSourcesBuildPhase;
			buildActionMask = 2147483647;
			files = (
				72D0ADC71F457D8B00C39C79 /* ViewController.m in Sources */,
				72D0ADC41F457D8B00C39C79 /* AppDelegate.m in Sources */,
				72D0ADC11F457D8B00C39C79 /* main.m in Sources */,
			);
			runOnlyForDeploymentPostprocessing = 0;
		};
		72D0ADD11F457D8C00C39C79 /* Sources */ = {
			isa = PBXSourcesBuildPhase;
			buildActionMask = 2147483647;
			files = (
				72D0ADDA1F457D8C00C39C79 /* UITableViewTests.m in Sources */,
			);
			runOnlyForDeploymentPostprocessing = 0;
		};
		72D0ADDC1F457D8C00C39C79 /* Sources */ = {
			isa = PBXSourcesBuildPhase;
			buildActionMask = 2147483647;
			files = (
				72D0ADE51F457D8C00C39C79 /* UITableViewUITests.m in Sources */,
			);
			runOnlyForDeploymentPostprocessing = 0;
		};
/* End PBXSourcesBuildPhase section */

/* Begin PBXTargetDependency section */
		72D0ADD71F457D8C00C39C79 /* PBXTargetDependency */ = {
			isa = PBXTargetDependency;
			target = 72D0ADBB1F457D8B00C39C79 /* UITableView */;
			targetProxy = 72D0ADD61F457D8C00C39C79 /* PBXContainerItemProxy */;
		};
		72D0ADE21F457D8C00C39C79 /* PBXTargetDependency */ = {
			isa = PBXTargetDependency;
			target = 72D0ADBB1F457D8B00C39C79 /* UITableView */;
			targetProxy = 72D0ADE11F457D8C00C39C79 /* PBXContainerItemProxy */;
		};
/* End PBXTargetDependency section */

/* Begin PBXVariantGroup section */
		72D0ADC81F457D8B00C39C79 /* Main.storyboard */ = {
			isa = PBXVariantGroup;
			children = (
				72D0ADC91F457D8B00C39C79 /* Base */,
			);
			name = Main.storyboard;
			sourceTree = "<group>";
		};
		72D0ADCD1F457D8C00C39C79 /* LaunchScreen.storyboard */ = {
			isa = PBXVariantGroup;
			children = (
				72D0ADCE1F457D8C00C39C79 /* Base */,
			);
			name = LaunchScreen.storyboard;
			sourceTree = "<group>";
		};
/* End PBXVariantGroup section */

/* Begin XCBuildConfiguration section */
		72D0ADE71F457D8C00C39C79 /* Debug */ = {
			isa = XCBuildConfiguration;
			buildSettings = {
				ALWAYS_SEARCH_USER_PATHS = NO;
				CLANG_ANALYZER_NONNULL = YES;
				CLANG_ANALYZER_NUMBER_OBJECT_CONVERSION = YES_AGGRESSIVE;
				CLANG_CXX_LANGUAGE_STANDARD = "gnu++0x";
				CLANG_CXX_LIBRARY = "libc++";
				CLANG_ENABLE_MODULES = YES;
				CLANG_ENABLE_OBJC_ARC = YES;
				CLANG_WARN_BOOL_CONVERSION = YES;
				CLANG_WARN_CONSTANT_CONVERSION = YES;
				CLANG_WARN_DIRECT_OBJC_ISA_USAGE = YES_ERROR;
				CLANG_WARN_DOCUMENTATION_COMMENTS = YES;
				CLANG_WARN_EMPTY_BODY = YES;
				CLANG_WARN_ENUM_CONVERSION = YES;
				CLANG_WARN_INFINITE_RECURSION = YES;
				CLANG_WARN_INT_CONVERSION = YES;
				CLANG_WARN_OBJC_ROOT_CLASS = YES_ERROR;
				CLANG_WARN_SUSPICIOUS_MOVE = YES;
				CLANG_WARN_UNREACHABLE_CODE = YES;
				CLANG_WARN__DUPLICATE_METHOD_MATCH = YES;
				"CODE_SIGN_IDENTITY[sdk=iphoneos*]" = "iPhone Developer";
				COPY_PHASE_STRIP = NO;
				DEBUG_INFORMATION_FORMAT = dwarf;
				ENABLE_STRICT_OBJC_MSGSEND = YES;
				ENABLE_TESTABILITY = YES;
				GCC_C_LANGUAGE_STANDARD = gnu99;
				GCC_DYNAMIC_NO_PIC = NO;
				GCC_NO_COMMON_BLOCKS = YES;
				GCC_OPTIMIZATION_LEVEL = 0;
				GCC_PREPROCESSOR_DEFINITIONS = (
					"DEBUG=1",
					"$(inherited)",
				);
				GCC_WARN_64_TO_32_BIT_CONVERSION = YES;
				GCC_WARN_ABOUT_RETURN_TYPE = YES_ERROR;
				GCC_WARN_UNDECLARED_SELECTOR = YES;
				GCC_WARN_UNINITIALIZED_AUTOS = YES_AGGRESSIVE;
				GCC_WARN_UNUSED_FUNCTION = YES;
				GCC_WARN_UNUSED_VARIABLE = YES;
				IPHONEOS_DEPLOYMENT_TARGET = 10.3;
				MTL_ENABLE_DEBUG_INFO = YES;
				ONLY_ACTIVE_ARCH = YES;
				SDKROOT = iphoneos;
			};
			name = Debug;
		};
		72D0ADE81F457D8C00C39C79 /* Release */ = {
			isa = XCBuildConfiguration;
			buildSettings = {
				ALWAYS_SEARCH_USER_PATHS = NO;
				CLANG_ANALYZER_NONNULL = YES;
				CLANG_ANALYZER_NUMBER_OBJECT_CONVERSION = YES_AGGRESSIVE;
				CLANG_CXX_LANGUAGE_STANDARD = "gnu++0x";
				CLANG_CXX_LIBRARY = "libc++";
				CLANG_ENABLE_MODULES = YES;
				CLANG_ENABLE_OBJC_ARC = YES;
				CLANG_WARN_BOOL_CONVERSION = YES;
				CLANG_WARN_CONSTANT_CONVERSION = YES;
				CLANG_WARN_DIRECT_OBJC_ISA_USAGE = YES_ERROR;
				CLANG_WARN_DOCUMENTATION_COMMENTS = YES;
				CLANG_WARN_EMPTY_BODY = YES;
				CLANG_WARN_ENUM_CONVERSION = YES;
				CLANG_WARN_INFINITE_RECURSION = YES;
				CLANG_WARN_INT_CONVERSION = YES;
				CLANG_WARN_OBJC_ROOT_CLASS = YES_ERROR;
				CLANG_WARN_SUSPICIOUS_MOVE = YES;
				CLANG_WARN_UNREACHABLE_CODE = YES;
				CLANG_WARN__DUPLICATE_METHOD_MATCH = YES;
				"CODE_SIGN_IDENTITY[sdk=iphoneos*]" = "iPhone Developer";
				COPY_PHASE_STRIP = NO;
				DEBUG_INFORMATION_FORMAT = "dwarf-with-dsym";
				ENABLE_NS_ASSERTIONS = NO;
				ENABLE_STRICT_OBJC_MSGSEND = YES;
				GCC_C_LANGUAGE_STANDARD = gnu99;
				GCC_NO_COMMON_BLOCKS = YES;
				GCC_WARN_64_TO_32_BIT_CONVERSION = YES;
				GCC_WARN_ABOUT_RETURN_TYPE = YES_ERROR;
				GCC_WARN_UNDECLARED_SELECTOR = YES;
				GCC_WARN_UNINITIALIZED_AUTOS = YES_AGGRESSIVE;
				GCC_WARN_UNUSED_FUNCTION = YES;
				GCC_WARN_UNUSED_VARIABLE = YES;
				IPHONEOS_DEPLOYMENT_TARGET = 10.3;
				MTL_ENABLE_DEBUG_INFO = NO;
				SDKROOT = iphoneos;
				VALIDATE_PRODUCT = YES;
			};
			name = Release;
		};
		72D0ADEA1F457D8C00C39C79 /* Debug */ = {
			isa = XCBuildConfiguration;
			buildSettings = {
				ASSETCATALOG_COMPILER_APPICON_NAME = AppIcon;
				DEVELOPMENT_TEAM = 4BG29N68B3;
				INFOPLIST_FILE = UITableView/Info.plist;
				LD_RUNPATH_SEARCH_PATHS = "$(inherited) @executable_path/Frameworks";
				PRODUCT_BUNDLE_IDENTIFIER = shuxun.UITableView;
				PRODUCT_NAME = "$(TARGET_NAME)";
			};
			name = Debug;
		};
		72D0ADEB1F457D8C00C39C79 /* Release */ = {
			isa = XCBuildConfiguration;
			buildSettings = {
				ASSETCATALOG_COMPILER_APPICON_NAME = AppIcon;
				DEVELOPMENT_TEAM = 4BG29N68B3;
				INFOPLIST_FILE = UITableView/Info.plist;
				LD_RUNPATH_SEARCH_PATHS = "$(inherited) @executable_path/Frameworks";
				PRODUCT_BUNDLE_IDENTIFIER = shuxun.UITableView;
				PRODUCT_NAME = "$(TARGET_NAME)";
			};
			name = Release;
		};
		72D0ADED1F457D8C00C39C79 /* Debug */ = {
			isa = XCBuildConfiguration;
			buildSettings = {
				BUNDLE_LOADER = "$(TEST_HOST)";
				DEVELOPMENT_TEAM = 4BG29N68B3;
				INFOPLIST_FILE = UITableViewTests/Info.plist;
				LD_RUNPATH_SEARCH_PATHS = "$(inherited) @executable_path/Frameworks @loader_path/Frameworks";
				PRODUCT_BUNDLE_IDENTIFIER = shuxun.UITableViewTests;
				PRODUCT_NAME = "$(TARGET_NAME)";
				TEST_HOST = "$(BUILT_PRODUCTS_DIR)/UITableView.app/UITableView";
			};
			name = Debug;
		};
		72D0ADEE1F457D8C00C39C79 /* Release */ = {
			isa = XCBuildConfiguration;
			buildSettings = {
				BUNDLE_LOADER = "$(TEST_HOST)";
				DEVELOPMENT_TEAM = 4BG29N68B3;
				INFOPLIST_FILE = UITableViewTests/Info.plist;
				LD_RUNPATH_SEARCH_PATHS = "$(inherited) @executable_path/Frameworks @loader_path/Frameworks";
				PRODUCT_BUNDLE_IDENTIFIER = shuxun.UITableViewTests;
				PRODUCT_NAME = "$(TARGET_NAME)";
				TEST_HOST = "$(BUILT_PRODUCTS_DIR)/UITableView.app/UITableView";
			};
			name = Release;
		};
		72D0ADF01F457D8C00C39C79 /* Debug */ = {
			isa = XCBuildConfiguration;
			buildSettings = {
				DEVELOPMENT_TEAM = 4BG29N68B3;
				INFOPLIST_FILE = UITableViewUITests/Info.plist;
				LD_RUNPATH_SEARCH_PATHS = "$(inherited) @executable_path/Frameworks @loader_path/Frameworks";
				PRODUCT_BUNDLE_IDENTIFIER = shuxun.UITableViewUITests;
				PRODUCT_NAME = "$(TARGET_NAME)";
				TEST_TARGET_NAME = UITableView;
			};
			name = Debug;
		};
		72D0ADF11F457D8C00C39C79 /* Release */ = {
			isa = XCBuildConfiguration;
			buildSettings = {
				DEVELOPMENT_TEAM = 4BG29N68B3;
				INFOPLIST_FILE = UITableViewUITests/Info.plist;
				LD_RUNPATH_SEARCH_PATHS = "$(inherited) @executable_path/Frameworks @loader_path/Frameworks";
				PRODUCT_BUNDLE_IDENTIFIER = shuxun.UITableViewUITests;
				PRODUCT_NAME = "$(TARGET_NAME)";
				TEST_TARGET_NAME = UITableView;
			};
			name = Release;
		};
/* End XCBuildConfiguration section */

/* Begin XCConfigurationList section */
		72D0ADB71F457D8B00C39C79 /* Build configuration list for PBXProject "UITableView" */ = {
			isa = XCConfigurationList;
			buildConfigurations = (
				72D0ADE71F457D8C00C39C79 /* Debug */,
				72D0ADE81F457D8C00C39C79 /* Release */,
			);
			defaultConfigurationIsVisible = 0;
			defaultConfigurationName = Release;
		};
		72D0ADE91F457D8C00C39C79 /* Build configuration list for PBXNativeTarget "UITableView" */ = {
			isa = XCConfigurationList;
			buildConfigurations = (
				72D0ADEA1F457D8C00C39C79 /* Debug */,
				72D0ADEB1F457D8C00C39C79 /* Release */,
			);
			defaultConfigurationIsVisible = 0;
		};
		72D0ADEC1F457D8C00C39C79 /* Build configuration list for PBXNativeTarget "UITableViewTests" */ = {
			isa = XCConfigurationList;
			buildConfigurations = (
				72D0ADED1F457D8C00C39C79 /* Debug */,
				72D0ADEE1F457D8C00C39C79 /* Release */,
			);
			defaultConfigurationIsVisible = 0;
		};
		72D0ADEF1F457D8C00C39C79 /* Build configuration list for PBXNativeTarget "UITableViewUITests" */ = {
			isa = XCConfigurationList;
			buildConfigurations = (
				72D0ADF01F457D8C00C39C79 /* Debug */,
				72D0ADF11F457D8C00C39C79 /* Release */,
			);
			defaultConfigurationIsVisible = 0;
		};
/* End XCConfigurationList section */
	};
	rootObject = 72D0ADB41F457D8B00C39C79 /* Project object */;
}
